lockfileVersion: '9.0'

settings:
  autoInstallPeers: true
  excludeLinksFromLockfile: false

importers:

  .:
    dependencies:
      framer-motion:
        specifier: ^12.9.2
        version: 12.9.2

packages:

  framer-motion@12.9.2:
    resolution: {integrity: sha512-R0O3Jdqbfwywpm45obP+8sTgafmdEcUoShQTAV+rB5pi+Y1Px/FYL5qLLRe5tPtBdN1J4jos7M+xN2VV2oEAbQ==}
    peerDependencies:
      '@emotion/is-prop-valid': '*'
      react: ^18.0.0 || ^19.0.0
      react-dom: ^18.0.0 || ^19.0.0
    peerDependenciesMeta:
      '@emotion/is-prop-valid':
        optional: true
      react:
        optional: true
      react-dom:
        optional: true

  motion-dom@12.9.1:
    resolution: {integrity: sha512-xqXEwRLDYDTzOgXobSoWtytRtGlf7zdkRfFbrrdP7eojaGQZ5Go4OOKtgnx7uF8sAkfr1ZjMvbCJSCIT2h6fkQ==}

  motion-utils@12.8.3:
    resolution: {integrity: sha512-GYVauZEbca8/zOhEiYOY9/uJeedYQld6co/GJFKOy//0c/4lDqk0zB549sBYqqV2iMuX+uHrY1E5zd8A2L+1Lw==}

  tslib@2.8.1:
    resolution: {integrity: sha512-oJFu94HQb+KVduSUQL7wnpmqnfmLsOA/nAh6b6EH0wCEoK0/mPeXU6c3wKDV83MkOuHPRHtSXKKU99IBazS/2w==}

snapshots:

  framer-motion@12.9.2:
    dependencies:
      motion-dom: 12.9.1
      motion-utils: 12.8.3
      tslib: 2.8.1

  motion-dom@12.9.1:
    dependencies:
      motion-utils: 12.8.3

  motion-utils@12.8.3: {}

  tslib@2.8.1: {}
